
Microsoft Visual Studio Solution File, Format Version 12.00
# Visual Studio Version 17
VisualStudioVersion = 17.2.32630.192
MinimumVisualStudioVersion = 10.0.40219.1
Project("{9A19103F-16F7-4668-BE54-9A1E7A4F7556}") = "MyBlog", "MyBlog\MyBlog.csproj", "{B94D6807-1F29-4A40-8D74-61D0ECF05A6E}"
EndProject
Project("{2150E333-8FDC-42A3-9474-1A3956D46DE8}") = "Solution Items", "Solution Items", "{0DAAFBC3-0729-423D-AB1D-6AB07D5E74AA}"
	ProjectSection(SolutionItems) = preProject
		.editorconfig = .editorconfig
	EndProjectSection
EndProject
Global
	GlobalSection(SolutionConfigurationPlatforms) = preSolution
		Debug|Any CPU = Debug|Any CPU
		Release|Any CPU = Release|Any CPU
	EndGlobalSection
	GlobalSection(ProjectConfigurationPlatforms) = postSolution
		{B94D6807-1F29-4A40-8D74-61D0ECF05A6E}.Debug|Any CPU.ActiveCfg = Debug|Any CPU
		{B94D6807-1F29-4A40-8D74-61D0ECF05A6E}.Debug|Any CPU.Build.0 = Debug|Any CPU
		{B94D6807-1F29-4A40-8D74-61D0ECF05A6E}.Release|Any CPU.ActiveCfg = Release|Any CPU
		{B94D6807-1F29-4A40-8D74-61D0ECF05A6E}.Release|Any CPU.Build.0 = Release|Any CPU
	EndGlobalSection
	GlobalSection(SolutionProperties) = preSolution
		HideSolutionNode = FALSE
	EndGlobalSection
	GlobalSection(ExtensibilityGlobals) = postSolution
		SolutionGuid = {F65E3103-40A7-4237-84CD-63BCE1C1D280}
	EndGlobalSection
EndGlobal
